Microsoft Visual Studio Solution File, Format Version 12.00
# Visual Studio Version 17
VisualStudioVersion = 17.5.2.0
MinimumVisualStudioVersion = 10.0.40219.1
Project("{FAE04EC0-301F-11D3-BF4B-00C04F79EFBC}") = "CAO.Client", "CAO.Client\CAO.Client.csproj", "{86DA6F82-10DD-2974-6B40-2107D84AB4BC}"
EndProject
Project("{FAE04EC0-301F-11D3-BF4B-00C04F79EFBC}") = "CAO.Server", "CAO.Server\CAO.Server.csproj", "{410319F0-75D6-90A4-A319-BAD1761D00CC}"
EndProject
Project("{FAE04EC0-301F-11D3-BF4B-00C04F79EFBC}") = "CAO.Shared", "CAO.Shared\CAO.Shared.csproj", "{892AB194-9426-20DE-D69F-FE736C86717D}"
EndProject
Global
	GlobalSection(SolutionConfigurationPlatforms) = preSolution
		Debug|Any CPU = Debug|Any CPU
		Release|Any CPU = Release|Any CPU
	EndGlobalSection
	GlobalSection(ProjectConfigurationPlatforms) = postSolution
		{86DA6F82-10DD-2974-6B40-2107D84AB4BC}.Debug|Any CPU.ActiveCfg = Debug|Any CPU
		{86DA6F82-10DD-2974-6B40-2107D84AB4BC}.Debug|Any CPU.Build.0 = Debug|Any CPU
		{86DA6F82-10DD-2974-6B40-2107D84AB4BC}.Release|Any CPU.ActiveCfg = Release|Any CPU
		{86DA6F82-10DD-2974-6B40-2107D84AB4BC}.Release|Any CPU.Build.0 = Release|Any CPU
		{410319F0-75D6-90A4-A319-BAD1761D00CC}.Debug|Any CPU.ActiveCfg = Debug|Any CPU
		{410319F0-75D6-90A4-A319-BAD1761D00CC}.Debug|Any CPU.Build.0 = Debug|Any CPU
		{410319F0-75D6-90A4-A319-BAD1761D00CC}.Release|Any CPU.ActiveCfg = Release|Any CPU
		{410319F0-75D6-90A4-A319-BAD1761D00CC}.Release|Any CPU.Build.0 = Release|Any CPU
		{892AB194-9426-20DE-D69F-FE736C86717D}.Debug|Any CPU.ActiveCfg = Debug|Any CPU
		{892AB194-9426-20DE-D69F-FE736C86717D}.Debug|Any CPU.Build.0 = Debug|Any CPU
		{892AB194-9426-20DE-D69F-FE736C86717D}.Release|Any CPU.ActiveCfg = Release|Any CPU
		{892AB194-9426-20DE-D69F-FE736C86717D}.Release|Any CPU.Build.0 = Release|Any CPU
	EndGlobalSection
	GlobalSection(SolutionProperties) = preSolution
		HideSolutionNode = FALSE
	EndGlobalSection
	GlobalSection(ExtensibilityGlobals) = postSolution
		SolutionGuid = {15005CDE-61EF-4148-9927-21DBD7BADB66}
	EndGlobalSection
EndGlobal
